
Microsoft Visual Studio Solution File, Format Version 12.00
# Visual Studio Version 17
VisualStudioVersion = 17.0.31903.59
MinimumVisualStudioVersion = 10.0.40219.1
Project("{2150E333-8FDC-42A3-9474-1A3956D46DE8}") = "Solution Items", "Solution Items", "{D1D6CAE9-D15C-4172-8658-55B23B1CD63C}"
	ProjectSection(SolutionItems) = preProject
		.editorconfig = .editorconfig
		.gitignore = .gitignore
		Directory.Build.props = Directory.Build.props
		Directory.Packages.props = Directory.Packages.props
		global.json = global.json
		README.md = README.md
		build.ps1 = build.ps1
		.config\dotnet-tools.json = .config\dotnet-tools.json
	EndProjectSection
EndProject
Project("{2150E333-8FDC-42A3-9474-1A3956D46DE8}") = "examples", "examples", "{B908D152-98BD-4814-B6F1-AFF36DBD3D62}"
EndProject
Project("{FAE04EC0-301F-11D3-BF4B-00C04F79EFBC}") = "ExampleMinimalApi", "examples\ExampleMinimalApi\ExampleMinimalApi.csproj", "{AE02EA4A-D6B4-46E6-A12D-9A1857451AA7}"
EndProject
Project("{FAE04EC0-301F-11D3-BF4B-00C04F79EFBC}") = "ArgumentativeFilters.Generator", "src\ArgumentativeFilters.Generator\ArgumentativeFilters.Generator.csproj", "{C97A8A82-00CB-4DEE-A986-D8503B9A158D}"
EndProject
Project("{2150E333-8FDC-42A3-9474-1A3956D46DE8}") = "tests", "tests", "{313FDE40-F228-4BDA-A8FA-E27780961940}"
EndProject
Project("{2150E333-8FDC-42A3-9474-1A3956D46DE8}") = ".github", ".github", "{634FBCAE-C3C0-4C55-8CCA-6BCCB960CDD6}"
	ProjectSection(SolutionItems) = preProject
		.github\dependabot.yml = .github\dependabot.yml
	EndProjectSection
EndProject
Project("{FAE04EC0-301F-11D3-BF4B-00C04F79EFBC}") = "ArgumentativeFilters.Functional.Tests", "tests\ArgumentativeFilters.Functional.Tests\ArgumentativeFilters.Functional.Tests.csproj", "{9BA03978-CA26-4082-BFC1-8363983C9324}"
EndProject
Project("{2150E333-8FDC-42A3-9474-1A3956D46DE8}") = "workflows", "workflows", "{0D7E6F0D-1CE5-46D5-AFED-6A974B45CAD5}"
	ProjectSection(SolutionItems) = preProject
		.github\workflows\build.yml = .github\workflows\build.yml
		.github\workflows\dependabot-autoapprove.yml = .github\workflows\dependabot-autoapprove.yml
	EndProjectSection
EndProject
Project("{2150E333-8FDC-42A3-9474-1A3956D46DE8}") = "src", "src", "{8B8CD357-9AE6-4DB7-B77E-FE8F17724E79}"
EndProject
Project("{FAE04EC0-301F-11D3-BF4B-00C04F79EFBC}") = "ArgumentativeFilters", "src\ArgumentativeFilters\ArgumentativeFilters.csproj", "{74DC45F6-41D5-4F8A-AC50-A0C105640378}"
EndProject
Project("{FAE04EC0-301F-11D3-BF4B-00C04F79EFBC}") = "ExampleMinimalApi.Integration.Tests", "tests\ExampleMinimalApi.Integration.Tests\ExampleMinimalApi.Integration.Tests.csproj", "{B3E9465B-F6D4-4FE4-847B-C30692A91793}"
EndProject
Global
	GlobalSection(SolutionConfigurationPlatforms) = preSolution
		Debug|Any CPU = Debug|Any CPU
		Release|Any CPU = Release|Any CPU
	EndGlobalSection
	GlobalSection(ProjectConfigurationPlatforms) = postSolution
		{AE02EA4A-D6B4-46E6-A12D-9A1857451AA7}.Debug|Any CPU.ActiveCfg = Debug|Any CPU
		{AE02EA4A-D6B4-46E6-A12D-9A1857451AA7}.Debug|Any CPU.Build.0 = Debug|Any CPU
		{AE02EA4A-D6B4-46E6-A12D-9A1857451AA7}.Release|Any CPU.ActiveCfg = Release|Any CPU
		{AE02EA4A-D6B4-46E6-A12D-9A1857451AA7}.Release|Any CPU.Build.0 = Release|Any CPU
		{C97A8A82-00CB-4DEE-A986-D8503B9A158D}.Debug|Any CPU.ActiveCfg = Debug|Any CPU
		{C97A8A82-00CB-4DEE-A986-D8503B9A158D}.Debug|Any CPU.Build.0 = Debug|Any CPU
		{C97A8A82-00CB-4DEE-A986-D8503B9A158D}.Release|Any CPU.ActiveCfg = Release|Any CPU
		{C97A8A82-00CB-4DEE-A986-D8503B9A158D}.Release|Any CPU.Build.0 = Release|Any CPU
		{9BA03978-CA26-4082-BFC1-8363983C9324}.Debug|Any CPU.ActiveCfg = Debug|Any CPU
		{9BA03978-CA26-4082-BFC1-8363983C9324}.Debug|Any CPU.Build.0 = Debug|Any CPU
		{9BA03978-CA26-4082-BFC1-8363983C9324}.Release|Any CPU.ActiveCfg = Release|Any CPU
		{9BA03978-CA26-4082-BFC1-8363983C9324}.Release|Any CPU.Build.0 = Release|Any CPU
		{74DC45F6-41D5-4F8A-AC50-A0C105640378}.Debug|Any CPU.ActiveCfg = Debug|Any CPU
		{74DC45F6-41D5-4F8A-AC50-A0C105640378}.Debug|Any CPU.Build.0 = Debug|Any CPU
		{74DC45F6-41D5-4F8A-AC50-A0C105640378}.Release|Any CPU.ActiveCfg = Release|Any CPU
		{74DC45F6-41D5-4F8A-AC50-A0C105640378}.Release|Any CPU.Build.0 = Release|Any CPU
		{B3E9465B-F6D4-4FE4-847B-C30692A91793}.Debug|Any CPU.ActiveCfg = Debug|Any CPU
		{B3E9465B-F6D4-4FE4-847B-C30692A91793}.Debug|Any CPU.Build.0 = Debug|Any CPU
		{B3E9465B-F6D4-4FE4-847B-C30692A91793}.Release|Any CPU.ActiveCfg = Release|Any CPU
		{B3E9465B-F6D4-4FE4-847B-C30692A91793}.Release|Any CPU.Build.0 = Release|Any CPU
	EndGlobalSection
	GlobalSection(SolutionProperties) = preSolution
		HideSolutionNode = FALSE
	EndGlobalSection
	GlobalSection(NestedProjects) = preSolution
		{AE02EA4A-D6B4-46E6-A12D-9A1857451AA7} = {B908D152-98BD-4814-B6F1-AFF36DBD3D62}
		{634FBCAE-C3C0-4C55-8CCA-6BCCB960CDD6} = {D1D6CAE9-D15C-4172-8658-55B23B1CD63C}
		{9BA03978-CA26-4082-BFC1-8363983C9324} = {313FDE40-F228-4BDA-A8FA-E27780961940}
		{0D7E6F0D-1CE5-46D5-AFED-6A974B45CAD5} = {D1D6CAE9-D15C-4172-8658-55B23B1CD63C}
		{74DC45F6-41D5-4F8A-AC50-A0C105640378} = {8B8CD357-9AE6-4DB7-B77E-FE8F17724E79}
		{C97A8A82-00CB-4DEE-A986-D8503B9A158D} = {8B8CD357-9AE6-4DB7-B77E-FE8F17724E79}
		{B3E9465B-F6D4-4FE4-847B-C30692A91793} = {313FDE40-F228-4BDA-A8FA-E27780961940}
	EndGlobalSection
EndGlobal
